{
  "name": "bookShop",
  "lockfileVersion": 3,
  "requires": true,
  "packages": {
    "": {
      "dependencies": {
        "js-toastr": "^1.1.1"
      }
    },
    "node_modules/js-toastr": {
      "version": "1.1.1",
      "resolved": "https://registry.npmjs.org/js-toastr/-/js-toastr-1.1.1.tgz",
      "integrity": "sha512-5eZUa10PiCW5lU1i+vSHFu2byG7xDl19289K1nOL7wDFWgRrfArLaWTHZ9qRzutsVI6SMjO6Q9GbpV/t+OXFwg=="
    }
  }
}
